
Microsoft Visual Studio Solution File, Format Version 12.00
# Visual Studio Version 17
VisualStudioVersion = 17.9.34310.174
MinimumVisualStudioVersion = 10.0.40219.1
Project("{9A19103F-16F7-4668-BE54-9A1E7A4F7556}") = "SubscriptionCommand", "SubscriptionCommand\SubscriptionCommand.csproj", "{B89AB3D8-F4A4-49FA-ABF6-F0FA2692AA22}"
EndProject
Project("{FAE04EC0-301F-11D3-BF4B-00C04F79EFBC}") = "SubscriptionCommand.Test", "SubscriptionCommand.Test\SubscriptionCommand.Test.csproj", "{07F6F724-5F76-4288-9164-83F014EDA791}"
EndProject
Global
	GlobalSection(SolutionConfigurationPlatforms) = preSolution
		Debug|Any CPU = Debug|Any CPU
		Release|Any CPU = Release|Any CPU
	EndGlobalSection
	GlobalSection(ProjectConfigurationPlatforms) = postSolution
		{B89AB3D8-F4A4-49FA-ABF6-F0FA2692AA22}.Debug|Any CPU.ActiveCfg = Debug|Any CPU
		{B89AB3D8-F4A4-49FA-ABF6-F0FA2692AA22}.Debug|Any CPU.Build.0 = Debug|Any CPU
		{B89AB3D8-F4A4-49FA-ABF6-F0FA2692AA22}.Release|Any CPU.ActiveCfg = Release|Any CPU
		{B89AB3D8-F4A4-49FA-ABF6-F0FA2692AA22}.Release|Any CPU.Build.0 = Release|Any CPU
		{07F6F724-5F76-4288-9164-83F014EDA791}.Debug|Any CPU.ActiveCfg = Debug|Any CPU
		{07F6F724-5F76-4288-9164-83F014EDA791}.Debug|Any CPU.Build.0 = Debug|Any CPU
		{07F6F724-5F76-4288-9164-83F014EDA791}.Release|Any CPU.ActiveCfg = Release|Any CPU
		{07F6F724-5F76-4288-9164-83F014EDA791}.Release|Any CPU.Build.0 = Release|Any CPU
	EndGlobalSection
	GlobalSection(SolutionProperties) = preSolution
		HideSolutionNode = FALSE
	EndGlobalSection
	GlobalSection(ExtensibilityGlobals) = postSolution
		SolutionGuid = {2AFA6224-07B2-44DF-B3AE-CE8ED6B37162}
	EndGlobalSection
EndGlobal
